// !$*UTF8*$!
// 一个只为签名存在的最小工程：真正的构建走 SPM + build.sh，这里的目标什么也不干，
// 只是给 xcodebuild -allowProvisioningUpdates 一个落脚点，好让 Xcode 的管理式签名
// 替我们注册 App ID、开通 iCloud 容器、登记这台 Mac、签发 profile。见 Resources/provision.sh。
{
	archiveVersion = 1;
	classes = {
	};
	objectVersion = 56;
	objects = {

/* Begin PBXBuildFile section */
		AA0000000000000000000101 /* main.swift in Sources */ = {isa = PBXBuildFile; fileRef = AA0000000000000000000001 /* main.swift */; };
/* End PBXBuildFile section */

/* Begin PBXFileReference section */
		AA0000000000000000000001 /* main.swift */ = {isa = PBXFileReference; lastKnownFileType = sourcecode.swift; path = main.swift; sourceTree = "<group>"; };
		AA0000000000000000000002 /* Workdesk.entitlements */ = {isa = PBXFileReference; lastKnownFileType = text.plist.entitlements; path = Workdesk.entitlements; sourceTree = "<group>"; };
		AA0000000000000000000003 /* Provisioning.app */ = {isa = PBXFileReference; explicitFileType = wrapper.application; includeInIndex = 0; path = Provisioning.app; sourceTree = BUILT_PRODUCTS_DIR; };
/* End PBXFileReference section */

/* Begin PBXFrameworksBuildPhase section */
		AA0000000000000000000201 /* Frameworks */ = {
			isa = PBXFrameworksBuildPhase;
			buildActionMask = 2147483647;
			files = (
			);
			runOnlyForDeploymentPostprocessing = 0;
		};
/* End PBXFrameworksBuildPhase section */

/* Begin PBXGroup section */
		AA0000000000000000000301 = {
			isa = PBXGroup;
			children = (
				AA0000000000000000000001 /* main.swift */,
				AA0000000000000000000002 /* Workdesk.entitlements */,
				AA0000000000000000000302 /* Products */,
			);
			sourceTree = "<group>";
		};
		AA0000000000000000000302 /* Products */ = {
			isa = PBXGroup;
			children = (
				AA0000000000000000000003 /* Provisioning.app */,
			);
			name = Products;
			sourceTree = "<group>";
		};
/* End PBXGroup section */

/* Begin PBXNativeTarget section */
		AA0000000000000000000401 /* Provisioning */ = {
			isa = PBXNativeTarget;
			buildConfigurationList = AA0000000000000000000601 /* Build configuration list for PBXNativeTarget "Provisioning" */;
			buildPhases = (
				AA0000000000000000000501 /* Sources */,
				AA0000000000000000000201 /* Frameworks */,
			);
			buildRules = (
			);
			dependencies = (
			);
			name = Provisioning;
			productName = Provisioning;
			productReference = AA0000000000000000000003 /* Provisioning.app */;
			productType = "com.apple.product-type.application";
		};
/* End PBXNativeTarget section */

/* Begin PBXProject section */
		AA0000000000000000000701 /* Project object */ = {
			isa = PBXProject;
			attributes = {
				BuildIndependentTargetsInParallel = 1;
				LastSwiftUpdateCheck = 1500;
				LastUpgradeCheck = 1500;
				TargetAttributes = {
					AA0000000000000000000401 = {
						CreatedOnToolsVersion = 15.0;
					};
				};
			};
			buildConfigurationList = AA0000000000000000000602 /* Build configuration list for PBXProject "Provisioning" */;
			compatibilityVersion = "Xcode 14.0";
			developmentRegion = en;
			hasScannedForEncodings = 0;
			knownRegions = (
				en,
				Base,
			);
			mainGroup = AA0000000000000000000301;
			productRefGroup = AA0000000000000000000302 /* Products */;
			projectDirPath = "";
			projectRoot = "";
			targets = (
				AA0000000000000000000401 /* Provisioning */,
			);
		};
/* End PBXProject section */

/* Begin PBXSourcesBuildPhase section */
		AA0000000000000000000501 /* Sources */ = {
			isa = PBXSourcesBuildPhase;
			buildActionMask = 2147483647;
			files = (
				AA0000000000000000000101 /* main.swift in Sources */,
			);
			runOnlyForDeploymentPostprocessing = 0;
		};
/* End PBXSourcesBuildPhase section */

/* Begin XCBuildConfiguration section */
		AA0000000000000000000801 /* Release */ = {
			isa = XCBuildConfiguration;
			buildSettings = {
				MACOSX_DEPLOYMENT_TARGET = 14.0;
				SDKROOT = macosx;
				SWIFT_COMPILATION_MODE = wholemodule;
			};
			name = Release;
		};
		AA0000000000000000000802 /* Release */ = {
			isa = XCBuildConfiguration;
			buildSettings = {
				CODE_SIGN_ENTITLEMENTS = Workdesk.entitlements;
				CODE_SIGN_IDENTITY = "Apple Development";
				CODE_SIGN_STYLE = Automatic;
				DEVELOPMENT_TEAM = C5LAP7CQG9;
				ENABLE_HARDENED_RUNTIME = NO;
				GENERATE_INFOPLIST_FILE = YES;
				PRODUCT_BUNDLE_IDENTIFIER = cc.huxiaoyu.workdesk;
				PRODUCT_NAME = Provisioning;
				SWIFT_VERSION = 5.0;
			};
			name = Release;
		};
/* End XCBuildConfiguration section */

/* Begin XCConfigurationList section */
		AA0000000000000000000601 /* Build configuration list for PBXNativeTarget "Provisioning" */ = {
			isa = XCConfigurationList;
			buildConfigurations = (
				AA0000000000000000000802 /* Release */,
			);
			defaultConfigurationIsVisible = 0;
			defaultConfigurationName = Release;
		};
		AA0000000000000000000602 /* Build configuration list for PBXProject "Provisioning" */ = {
			isa = XCConfigurationList;
			buildConfigurations = (
				AA0000000000000000000801 /* Release */,
			);
			defaultConfigurationIsVisible = 0;
			defaultConfigurationName = Release;
		};
/* End XCConfigurationList section */
	};
	rootObject = AA0000000000000000000701 /* Project object */;
}
